%{
  "protobuf": {:hex, :protobuf, "0.12.0", "58c0dfea5f929b96b5aa54ec02b7130688f09d2de5ddc521d696eec2a015b223", [:mix], [{:jason, "~> 1.2", [hex: :jason, repo: "hexpm", optional: true]}], "hexpm", "75fa6cbf262062073dd51be44dd0ab940500e18386a6c4e87d5819a58964dc45"},
  "protoc_gen_validate": {:git, "https://github.com/bufbuild/protoc-gen-validate.git", "027893fdf2caa2052d06a97ba42cd1382c04059a", [branch: "main"]},
  "vex": {:hex, :vex, "0.9.0", "613ea5eb3055662e7178b83e25b2df0975f68c3d8bb67c1645f0573e1a78d606", [:mix], [], "hexpm", "c69fff44d5c8aa3f1faee71bba1dcab05dd36364c5a629df8bb11751240c857f"},
}
