%{
  "protobuf": {:git, "https://github.com/elixir-protobuf/protobuf.git", "e122483d2fa31a0588387996c86c691bfc6145b5", []},
  "protoc_gen_validate": {:git, "https://github.com/bufbuild/protoc-gen-validate.git", "ca115cfd131364a094044faab592858151fd291c", [branch: "main"]},
  "vex": {:hex, :vex, "0.9.2", "fe061acc9e0907d983d46b51bf35d58176f0fe6eb7ba3b33c9336401bf42b6d1", [:mix], [], "hexpm", "76e709a9762e98c6b462dfce92e9b5dfbf712839227f2da8add6dd11549b12cb"},
}
